
Microsoft Visual Studio Solution File, Format Version 12.00
# Visual Studio Version 17
VisualStudioVersion = 17.9.34714.143
MinimumVisualStudioVersion = 10.0.40219.1
Project("{FAE04EC0-301F-11D3-BF4B-00C04F79EFBC}") = "QuestaoUm", "QuestaoUm\QuestaoUm.csproj", "{727F1BD2-6148-4B15-9B80-04D70F1FA6F9}"
EndProject
Project("{FAE04EC0-301F-11D3-BF4B-00C04F79EFBC}") = "QuestaoDois", "QuestaoDois\QuestaoDois.csproj", "{7D67C00D-CE94-4F0E-A722-3F47A3A4ED32}"
EndProject
Global
	GlobalSection(SolutionConfigurationPlatforms) = preSolution
		Debug|Any CPU = Debug|Any CPU
		Release|Any CPU = Release|Any CPU
	EndGlobalSection
	GlobalSection(ProjectConfigurationPlatforms) = postSolution
		{727F1BD2-6148-4B15-9B80-04D70F1FA6F9}.Debug|Any CPU.ActiveCfg = Debug|Any CPU
		{727F1BD2-6148-4B15-9B80-04D70F1FA6F9}.Debug|Any CPU.Build.0 = Debug|Any CPU
		{727F1BD2-6148-4B15-9B80-04D70F1FA6F9}.Release|Any CPU.ActiveCfg = Release|Any CPU
		{727F1BD2-6148-4B15-9B80-04D70F1FA6F9}.Release|Any CPU.Build.0 = Release|Any CPU
		{7D67C00D-CE94-4F0E-A722-3F47A3A4ED32}.Debug|Any CPU.ActiveCfg = Debug|Any CPU
		{7D67C00D-CE94-4F0E-A722-3F47A3A4ED32}.Debug|Any CPU.Build.0 = Debug|Any CPU
		{7D67C00D-CE94-4F0E-A722-3F47A3A4ED32}.Release|Any CPU.ActiveCfg = Release|Any CPU
		{7D67C00D-CE94-4F0E-A722-3F47A3A4ED32}.Release|Any CPU.Build.0 = Release|Any CPU
	EndGlobalSection
	GlobalSection(SolutionProperties) = preSolution
		HideSolutionNode = FALSE
	EndGlobalSection
	GlobalSection(ExtensibilityGlobals) = postSolution
		SolutionGuid = {627DD6FC-38C1-4A85-9B37-51C2FBB19785}
	EndGlobalSection
EndGlobal
